
Microsoft Visual Studio Solution File, Format Version 12.00
# Visual Studio Version 17
VisualStudioVersion = 17.5.002.0
MinimumVisualStudioVersion = 10.0.40219.1
Project("{9A19103F-16F7-4668-BE54-9A1E7A4F7556}") = "StoreApp", "StoreApp.csproj", "{1137B0BF-4E62-430E-9B40-DA4576B32EF4}"
EndProject
Global
	GlobalSection(SolutionConfigurationPlatforms) = preSolution
		Debug|Any CPU = Debug|Any CPU
		Release|Any CPU = Release|Any CPU
	EndGlobalSection
	GlobalSection(ProjectConfigurationPlatforms) = postSolution
		{1137B0BF-4E62-430E-9B40-DA4576B32EF4}.Debug|Any CPU.ActiveCfg = Debug|Any CPU
		{1137B0BF-4E62-430E-9B40-DA4576B32EF4}.Debug|Any CPU.Build.0 = Debug|Any CPU
		{1137B0BF-4E62-430E-9B40-DA4576B32EF4}.Release|Any CPU.ActiveCfg = Release|Any CPU
		{1137B0BF-4E62-430E-9B40-DA4576B32EF4}.Release|Any CPU.Build.0 = Release|Any CPU
	EndGlobalSection
	GlobalSection(SolutionProperties) = preSolution
		HideSolutionNode = FALSE
	EndGlobalSection
	GlobalSection(ExtensibilityGlobals) = postSolution
		SolutionGuid = {08BC152C-D303-4CA8-A350-61BA973FEB98}
	EndGlobalSection
EndGlobal
