
Microsoft Visual Studio Solution File, Format Version 12.00
# Visual Studio Version 17
VisualStudioVersion = 17.5.002.0
MinimumVisualStudioVersion = 10.0.40219.1
Project("{9A19103F-16F7-4668-BE54-9A1E7A4F7556}") = "EmployeeApp", "EmployeeApp.csproj", "{D9873890-4063-464F-B348-AE956F543C07}"
EndProject
Global
	GlobalSection(SolutionConfigurationPlatforms) = preSolution
		Debug|Any CPU = Debug|Any CPU
		Release|Any CPU = Release|Any CPU
	EndGlobalSection
	GlobalSection(ProjectConfigurationPlatforms) = postSolution
		{D9873890-4063-464F-B348-AE956F543C07}.Debug|Any CPU.ActiveCfg = Debug|Any CPU
		{D9873890-4063-464F-B348-AE956F543C07}.Debug|Any CPU.Build.0 = Debug|Any CPU
		{D9873890-4063-464F-B348-AE956F543C07}.Release|Any CPU.ActiveCfg = Release|Any CPU
		{D9873890-4063-464F-B348-AE956F543C07}.Release|Any CPU.Build.0 = Release|Any CPU
	EndGlobalSection
	GlobalSection(SolutionProperties) = preSolution
		HideSolutionNode = FALSE
	EndGlobalSection
	GlobalSection(ExtensibilityGlobals) = postSolution
		SolutionGuid = {1385806A-0CEE-4077-B3EC-176B53CE46D2}
	EndGlobalSection
EndGlobal
